
Microsoft Visual Studio Solution File, Format Version 12.00
# Visual Studio Version 17
VisualStudioVersion = 17.6.33829.357
MinimumVisualStudioVersion = 10.0.40219.1
Project("{FAE04EC0-301F-11D3-BF4B-00C04F79EFBC}") = "MyFirstAppVS", "MyFirstAppVS\MyFirstAppVS.csproj", "{C4AD575D-F9A1-42E3-96AF-CFB48029298E}"
EndProject
Global
	GlobalSection(SolutionConfigurationPlatforms) = preSolution
		Debug|Any CPU = Debug|Any CPU
		Release|Any CPU = Release|Any CPU
	EndGlobalSection
	GlobalSection(ProjectConfigurationPlatforms) = postSolution
		{C4AD575D-F9A1-42E3-96AF-CFB48029298E}.Debug|Any CPU.ActiveCfg = Debug|Any CPU
		{C4AD575D-F9A1-42E3-96AF-CFB48029298E}.Debug|Any CPU.Build.0 = Debug|Any CPU
		{C4AD575D-F9A1-42E3-96AF-CFB48029298E}.Release|Any CPU.ActiveCfg = Release|Any CPU
		{C4AD575D-F9A1-42E3-96AF-CFB48029298E}.Release|Any CPU.Build.0 = Release|Any CPU
	EndGlobalSection
	GlobalSection(SolutionProperties) = preSolution
		HideSolutionNode = FALSE
	EndGlobalSection
	GlobalSection(ExtensibilityGlobals) = postSolution
		SolutionGuid = {FCC37614-B52A-430A-ABB6-DDC41BC90EA6}
	EndGlobalSection
EndGlobal
